
Microsoft Visual Studio Solution File, Format Version 12.00
# Visual Studio 14
VisualStudioVersion = 14.0.23107.0
MinimumVisualStudioVersion = 10.0.40219.1
Project("{FAE04EC0-301F-11D3-BF4B-00C04F79EFBC}") = "Topshelf.Quartz.Unity", "Topshelf.Quartz.Unity\Topshelf.Quartz.Unity.csproj", "{1CA5B578-829B-45AD-B5F3-0A263B90CDBC}"
EndProject
Project("{FAE04EC0-301F-11D3-BF4B-00C04F79EFBC}") = "Quartz.Unity", "..\Quartz.Unity\Quartz.Unity\Quartz.Unity.csproj", "{E9D1B8CD-92DA-449D-A21B-864440F71019}"
EndProject
Project("{FAE04EC0-301F-11D3-BF4B-00C04F79EFBC}") = "Topshelf.Unity", "..\Topshelf.Unity\Topshelf.Unity\Topshelf.Unity.csproj", "{DA65168C-F47B-4FC3-AD48-BDE0AE6BC1B6}"
EndProject
Global
	GlobalSection(SolutionConfigurationPlatforms) = preSolution
		Debug|Any CPU = Debug|Any CPU
		Release|Any CPU = Release|Any CPU
	EndGlobalSection
	GlobalSection(ProjectConfigurationPlatforms) = postSolution
		{1CA5B578-829B-45AD-B5F3-0A263B90CDBC}.Debug|Any CPU.ActiveCfg = Debug|Any CPU
		{1CA5B578-829B-45AD-B5F3-0A263B90CDBC}.Debug|Any CPU.Build.0 = Debug|Any CPU
		{1CA5B578-829B-45AD-B5F3-0A263B90CDBC}.Release|Any CPU.ActiveCfg = Release|Any CPU
		{1CA5B578-829B-45AD-B5F3-0A263B90CDBC}.Release|Any CPU.Build.0 = Release|Any CPU
		{E9D1B8CD-92DA-449D-A21B-864440F71019}.Debug|Any CPU.ActiveCfg = Debug|Any CPU
		{E9D1B8CD-92DA-449D-A21B-864440F71019}.Debug|Any CPU.Build.0 = Debug|Any CPU
		{E9D1B8CD-92DA-449D-A21B-864440F71019}.Release|Any CPU.ActiveCfg = Release|Any CPU
		{E9D1B8CD-92DA-449D-A21B-864440F71019}.Release|Any CPU.Build.0 = Release|Any CPU
		{DA65168C-F47B-4FC3-AD48-BDE0AE6BC1B6}.Debug|Any CPU.ActiveCfg = Debug|Any CPU
		{DA65168C-F47B-4FC3-AD48-BDE0AE6BC1B6}.Debug|Any CPU.Build.0 = Debug|Any CPU
		{DA65168C-F47B-4FC3-AD48-BDE0AE6BC1B6}.Release|Any CPU.ActiveCfg = Release|Any CPU
		{DA65168C-F47B-4FC3-AD48-BDE0AE6BC1B6}.Release|Any CPU.Build.0 = Release|Any CPU
	EndGlobalSection
	GlobalSection(SolutionProperties) = preSolution
		HideSolutionNode = FALSE
	EndGlobalSection
EndGlobal
